// !$*UTF8*$!
{
	archiveVersion = 1;
	classes = {
	};
	objectVersion = 50;
	objects = {

/* Begin PBXBuildFile section */
		818DC61423DAE3F700A3F4BA /* AppDelegate.swift in Sources */ = {isa = PBXBuildFile; fileRef = 818DC61323DAE3F700A3F4BA /* AppDelegate.swift */; };
		818DC61623DAE3F700A3F4BA /* SceneDelegate.swift in Sources */ = {isa = PBXBuildFile; fileRef = 818DC61523DAE3F700A3F4BA /* SceneDelegate.swift */; };
		818DC61823DAE3F700A3F4BA /* ContentView.swift in Sources */ = {isa = PBXBuildFile; fileRef = 818DC61723DAE3F700A3F4BA /* ContentView.swift */; };
		818DC61A23DAE3F800A3F4BA /* Assets.xcassets in Resources */ = {isa = PBXBuildFile; fileRef = 818DC61923DAE3F800A3F4BA /* Assets.xcassets */; };
		818DC61D23DAE3F800A3F4BA /* Preview Assets.xcassets in Resources */ = {isa = PBXBuildFile; fileRef = 818DC61C23DAE3F800A3F4BA /* Preview Assets.xcassets */; };
		818DC62023DAE3F800A3F4BA /* LaunchScreen.storyboard in Resources */ = {isa = PBXBuildFile; fileRef = 818DC61E23DAE3F800A3F4BA /* LaunchScreen.storyboard */; };
		818DC62B23DAE3F800A3F4BA /* DemoSwiftUITests.swift in Sources */ = {isa = PBXBuildFile; fileRef = 818DC62A23DAE3F800A3F4BA /* DemoSwiftUITests.swift */; };
		818DC63623DAE3F900A3F4BA /* DemoSwiftUIUITests.swift in Sources */ = {isa = PBXBuildFile; fileRef = 818DC63523DAE3F900A3F4BA /* DemoSwiftUIUITests.swift */; };
		81EB0CDC23E06FC9004DC798 /* Tutor.swift in Sources */ = {isa = PBXBuildFile; fileRef = 81EB0CDB23E06FC9004DC798 /* Tutor.swift */; };
/* End PBXBuildFile section */

/* Begin PBXContainerItemProxy section */
		818DC62723DAE3F800A3F4BA /* PBXContainerItemProxy */ = {
			isa = PBXContainerItemProxy;
			containerPortal = 818DC60823DAE3F700A3F4BA /* Project object */;
			proxyType = 1;
			remoteGlobalIDString = 818DC60F23DAE3F700A3F4BA;
			remoteInfo = DemoSwiftUI;
		};
		818DC63223DAE3F900A3F4BA /* PBXContainerItemProxy */ = {
			isa = PBXContainerItemProxy;
			containerPortal = 818DC60823DAE3F700A3F4BA /* Project object */;
			proxyType = 1;
			remoteGlobalIDString = 818DC60F23DAE3F700A3F4BA;
			remoteInfo = DemoSwiftUI;
		};
/* End PBXContainerItemProxy section */

/* Begin PBXFileReference section */
		818DC61023DAE3F700A3F4BA /* DemoSwiftUI.app */ = {isa = PBXFileReference; explicitFileType = wrapper.application; includeInIndex = 0; path = DemoSwiftUI.app; sourceTree = BUILT_PRODUCTS_DIR; };
		818DC61323DAE3F700A3F4BA /* AppDelegate.swift */ = {isa = PBXFileReference; lastKnownFileType = sourcecode.swift; path = AppDelegate.swift; sourceTree = "<group>"; };
		818DC61523DAE3F700A3F4BA /* SceneDelegate.swift */ = {isa = PBXFileReference; lastKnownFileType = sourcecode.swift; path = SceneDelegate.swift; sourceTree = "<group>"; };
		818DC61723DAE3F700A3F4BA /* ContentView.swift */ = {isa = PBXFileReference; lastKnownFileType = sourcecode.swift; path = ContentView.swift; sourceTree = "<group>"; };
		818DC61923DAE3F800A3F4BA /* Assets.xcassets */ = {isa = PBXFileReference; lastKnownFileType = folder.assetcatalog; path = Assets.xcassets; sourceTree = "<group>"; };
		818DC61C23DAE3F800A3F4BA /* Preview Assets.xcassets */ = {isa = PBXFileReference; lastKnownFileType = folder.assetcatalog; path = "Preview Assets.xcassets"; sourceTree = "<group>"; };
		818DC61F23DAE3F800A3F4BA /* Base */ = {isa = PBXFileReference; lastKnownFileType = file.storyboard; name = Base; path = Base.lproj/LaunchScreen.storyboard; sourceTree = "<group>"; };
		818DC62123DAE3F800A3F4BA /* Info.plist */ = {isa = PBXFileReference; lastKnownFileType = text.plist.xml; path = Info.plist; sourceTree = "<group>"; };
		818DC62623DAE3F800A3F4BA /* DemoSwiftUITests.xctest */ = {isa = PBXFileReference; explicitFileType = wrapper.cfbundle; includeInIndex = 0; path = DemoSwiftUITests.xctest; sourceTree = BUILT_PRODUCTS_DIR; };
		818DC62A23DAE3F800A3F4BA /* DemoSwiftUITests.swift */ = {isa = PBXFileReference; lastKnownFileType = sourcecode.swift; path = DemoSwiftUITests.swift; sourceTree = "<group>"; };
		818DC62C23DAE3F800A3F4BA /* Info.plist */ = {isa = PBXFileReference; lastKnownFileType = text.plist.xml; path = Info.plist; sourceTree = "<group>"; };
		818DC63123DAE3F900A3F4BA /* DemoSwiftUIUITests.xctest */ = {isa = PBXFileReference; explicitFileType = wrapper.cfbundle; includeInIndex = 0; path = DemoSwiftUIUITests.xctest; sourceTree = BUILT_PRODUCTS_DIR; };
		818DC63523DAE3F900A3F4BA /* DemoSwiftUIUITests.swift */ = {isa = PBXFileReference; lastKnownFileType = sourcecode.swift; path = DemoSwiftUIUITests.swift; sourceTree = "<group>"; };
		818DC63723DAE3F900A3F4BA /* Info.plist */ = {isa = PBXFileReference; lastKnownFileType = text.plist.xml; path = Info.plist; sourceTree = "<group>"; };
		81EB0CDB23E06FC9004DC798 /* Tutor.swift */ = {isa = PBXFileReference; lastKnownFileType = sourcecode.swift; path = Tutor.swift; sourceTree = "<group>"; };
/* End PBXFileReference section */

/* Begin PBXFrameworksBuildPhase section */
		818DC60D23DAE3F700A3F4BA /* Frameworks */ = {
			isa = PBXFrameworksBuildPhase;
			buildActionMask = 2147483647;
			files = (
			);
			runOnlyForDeploymentPostprocessing = 0;
		};
		818DC62323DAE3F800A3F4BA /* Frameworks */ = {
			isa = PBXFrameworksBuildPhase;
			buildActionMask = 2147483647;
			files = (
			);
			runOnlyForDeploymentPostprocessing = 0;
		};
		818DC62E23DAE3F800A3F4BA /* Frameworks */ = {
			isa = PBXFrameworksBuildPhase;
			buildActionMask = 2147483647;
			files = (
			);
			runOnlyForDeploymentPostprocessing = 0;
		};
/* End PBXFrameworksBuildPhase section */

/* Begin PBXGroup section */
		818DC60723DAE3F700A3F4BA = {
			isa = PBXGroup;
			children = (
				818DC61223DAE3F700A3F4BA /* DemoSwiftUI */,
				818DC62923DAE3F800A3F4BA /* DemoSwiftUITests */,
				818DC63423DAE3F900A3F4BA /* DemoSwiftUIUITests */,
				818DC61123DAE3F700A3F4BA /* Products */,
			);
			sourceTree = "<group>";
		};
		818DC61123DAE3F700A3F4BA /* Products */ = {
			isa = PBXGroup;
			children = (
				818DC61023DAE3F700A3F4BA /* DemoSwiftUI.app */,
				818DC62623DAE3F800A3F4BA /* DemoSwiftUITests.xctest */,
				818DC63123DAE3F900A3F4BA /* DemoSwiftUIUITests.xctest */,
			);
			name = Products;
			sourceTree = "<group>";
		};
		818DC61223DAE3F700A3F4BA /* DemoSwiftUI */ = {
			isa = PBXGroup;
			children = (
				818DC61323DAE3F700A3F4BA /* AppDelegate.swift */,
				818DC61523DAE3F700A3F4BA /* SceneDelegate.swift */,
				818DC61723DAE3F700A3F4BA /* ContentView.swift */,
				81EB0CDB23E06FC9004DC798 /* Tutor.swift */,
				818DC61923DAE3F800A3F4BA /* Assets.xcassets */,
				818DC61E23DAE3F800A3F4BA /* LaunchScreen.storyboard */,
				818DC62123DAE3F800A3F4BA /* Info.plist */,
				818DC61B23DAE3F800A3F4BA /* Preview Content */,
			);
			path = DemoSwiftUI;
			sourceTree = "<group>";
		};
		818DC61B23DAE3F800A3F4BA /* Preview Content */ = {
			isa = PBXGroup;
			children = (
				818DC61C23DAE3F800A3F4BA /* Preview Assets.xcassets */,
			);
			path = "Preview Content";
			sourceTree = "<group>";
		};
		818DC62923DAE3F800A3F4BA /* DemoSwiftUITests */ = {
			isa = PBXGroup;
			children = (
				818DC62A23DAE3F800A3F4BA /* DemoSwiftUITests.swift */,
				818DC62C23DAE3F800A3F4BA /* Info.plist */,
			);
			path = DemoSwiftUITests;
			sourceTree = "<group>";
		};
		818DC63423DAE3F900A3F4BA /* DemoSwiftUIUITests */ = {
			isa = PBXGroup;
			children = (
				818DC63523DAE3F900A3F4BA /* DemoSwiftUIUITests.swift */,
				818DC63723DAE3F900A3F4BA /* Info.plist */,
			);
			path = DemoSwiftUIUITests;
			sourceTree = "<group>";
		};
/* End PBXGroup section */

/* Begin PBXNativeTarget section */
		818DC60F23DAE3F700A3F4BA /* DemoSwiftUI */ = {
			isa = PBXNativeTarget;
			buildConfigurationList = 818DC63A23DAE3F900A3F4BA /* Build configuration list for PBXNativeTarget "DemoSwiftUI" */;
			buildPhases = (
				818DC60C23DAE3F700A3F4BA /* Sources */,
				818DC60D23DAE3F700A3F4BA /* Frameworks */,
				818DC60E23DAE3F700A3F4BA /* Resources */,
			);
			buildRules = (
			);
			dependencies = (
			);
			name = DemoSwiftUI;
			productName = DemoSwiftUI;
			productReference = 818DC61023DAE3F700A3F4BA /* DemoSwiftUI.app */;
			productType = "com.apple.product-type.application";
		};
		818DC62523DAE3F800A3F4BA /* DemoSwiftUITests */ = {
			isa = PBXNativeTarget;
			buildConfigurationList = 818DC63D23DAE3F900A3F4BA /* Build configuration list for PBXNativeTarget "DemoSwiftUITests" */;
			buildPhases = (
				818DC62223DAE3F800A3F4BA /* Sources */,
				818DC62323DAE3F800A3F4BA /* Frameworks */,
				818DC62423DAE3F800A3F4BA /* Resources */,
			);
			buildRules = (
			);
			dependencies = (
				818DC62823DAE3F800A3F4BA /* PBXTargetDependency */,
			);
			name = DemoSwiftUITests;
			productName = DemoSwiftUITests;
			productReference = 818DC62623DAE3F800A3F4BA /* DemoSwiftUITests.xctest */;
			productType = "com.apple.product-type.bundle.unit-test";
		};
		818DC63023DAE3F800A3F4BA /* DemoSwiftUIUITests */ = {
			isa = PBXNativeTarget;
			buildConfigurationList = 818DC64023DAE3F900A3F4BA /* Build configuration list for PBXNativeTarget "DemoSwiftUIUITests" */;
			buildPhases = (
				818DC62D23DAE3F800A3F4BA /* Sources */,
				818DC62E23DAE3F800A3F4BA /* Frameworks */,
				818DC62F23DAE3F800A3F4BA /* Resources */,
			);
			buildRules = (
			);
			dependencies = (
				818DC63323DAE3F900A3F4BA /* PBXTargetDependency */,
			);
			name = DemoSwiftUIUITests;
			productName = DemoSwiftUIUITests;
			productReference = 818DC63123DAE3F900A3F4BA /* DemoSwiftUIUITests.xctest */;
			productType = "com.apple.product-type.bundle.ui-testing";
		};
/* End PBXNativeTarget section */

/* Begin PBXProject section */
		818DC60823DAE3F700A3F4BA /* Project object */ = {
			isa = PBXProject;
			attributes = {
				LastSwiftUpdateCheck = 1120;
				LastUpgradeCheck = 1120;
				ORGANIZATIONNAME = IOS;
				TargetAttributes = {
					818DC60F23DAE3F700A3F4BA = {
						CreatedOnToolsVersion = 11.2.1;
					};
					818DC62523DAE3F800A3F4BA = {
						CreatedOnToolsVersion = 11.2.1;
						TestTargetID = 818DC60F23DAE3F700A3F4BA;
					};
					818DC63023DAE3F800A3F4BA = {
						CreatedOnToolsVersion = 11.2.1;
						TestTargetID = 818DC60F23DAE3F700A3F4BA;
					};
				};
			};
			buildConfigurationList = 818DC60B23DAE3F700A3F4BA /* Build configuration list for PBXProject "DemoSwiftUI" */;
			compatibilityVersion = "Xcode 9.3";
			developmentRegion = en;
			hasScannedForEncodings = 0;
			knownRegions = (
				en,
				Base,
			);
			mainGroup = 818DC60723DAE3F700A3F4BA;
			productRefGroup = 818DC61123DAE3F700A3F4BA /* Products */;
			projectDirPath = "";
			projectRoot = "";
			targets = (
				818DC60F23DAE3F700A3F4BA /* DemoSwiftUI */,
				818DC62523DAE3F800A3F4BA /* DemoSwiftUITests */,
				818DC63023DAE3F800A3F4BA /* DemoSwiftUIUITests */,
			);
		};
/* End PBXProject section */

/* Begin PBXResourcesBuildPhase section */
		818DC60E23DAE3F700A3F4BA /* Resources */ = {
			isa = PBXResourcesBuildPhase;
			buildActionMask = 2147483647;
			files = (
				818DC62023DAE3F800A3F4BA /* LaunchScreen.storyboard in Resources */,
				818DC61D23DAE3F800A3F4BA /* Preview Assets.xcassets in Resources */,
				818DC61A23DAE3F800A3F4BA /* Assets.xcassets in Resources */,
			);
			runOnlyForDeploymentPostprocessing = 0;
		};
		818DC62423DAE3F800A3F4BA /* Resources */ = {
			isa = PBXResourcesBuildPhase;
			buildActionMask = 2147483647;
			files = (
			);
			runOnlyForDeploymentPostprocessing = 0;
		};
		818DC62F23DAE3F800A3F4BA /* Resources */ = {
			isa = PBXResourcesBuildPhase;
			buildActionMask = 2147483647;
			files = (
			);
			runOnlyForDeploymentPostprocessing = 0;
		};
/* End PBXResourcesBuildPhase section */

/* Begin PBXSourcesBuildPhase section */
		818DC60C23DAE3F700A3F4BA /* Sources */ = {
			isa = PBXSourcesBuildPhase;
			buildActionMask = 2147483647;
			files = (
				81EB0CDC23E06FC9004DC798 /* Tutor.swift in Sources */,
				818DC61423DAE3F700A3F4BA /* AppDelegate.swift in Sources */,
				818DC61623DAE3F700A3F4BA /* SceneDelegate.swift in Sources */,
				818DC61823DAE3F700A3F4BA /* ContentView.swift in Sources */,
			);
			runOnlyForDeploymentPostprocessing = 0;
		};
		818DC62223DAE3F800A3F4BA /* Sources */ = {
			isa = PBXSourcesBuildPhase;
			buildActionMask = 2147483647;
			files = (
				818DC62B23DAE3F800A3F4BA /* DemoSwiftUITests.swift in Sources */,
			);
			runOnlyForDeploymentPostprocessing = 0;
		};
		818DC62D23DAE3F800A3F4BA /* Sources */ = {
			isa = PBXSourcesBuildPhase;
			buildActionMask = 2147483647;
			files = (
				818DC63623DAE3F900A3F4BA /* DemoSwiftUIUITests.swift in Sources */,
			);
			runOnlyForDeploymentPostprocessing = 0;
		};
/* End PBXSourcesBuildPhase section */

/* Begin PBXTargetDependency section */
		818DC62823DAE3F800A3F4BA /* PBXTargetDependency */ = {
			isa = PBXTargetDependency;
			target = 818DC60F23DAE3F700A3F4BA /* DemoSwiftUI */;
			targetProxy = 818DC62723DAE3F800A3F4BA /* PBXContainerItemProxy */;
		};
		818DC63323DAE3F900A3F4BA /* PBXTargetDependency */ = {
			isa = PBXTargetDependency;
			target = 818DC60F23DAE3F700A3F4BA /* DemoSwiftUI */;
			targetProxy = 818DC63223DAE3F900A3F4BA /* PBXContainerItemProxy */;
		};
/* End PBXTargetDependency section */

/* Begin PBXVariantGroup section */
		818DC61E23DAE3F800A3F4BA /* LaunchScreen.storyboard */ = {
			isa = PBXVariantGroup;
			children = (
				818DC61F23DAE3F800A3F4BA /* Base */,
			);
			name = LaunchScreen.storyboard;
			sourceTree = "<group>";
		};
/* End PBXVariantGroup section */

/* Begin XCBuildConfiguration section */
		818DC63823DAE3F900A3F4BA /* Debug */ = {
			isa = XCBuildConfiguration;
			buildSettings = {
				ALWAYS_SEARCH_USER_PATHS = NO;
				CLANG_ANALYZER_NONNULL = YES;
				CLANG_ANALYZER_NUMBER_OBJECT_CONVERSION = YES_AGGRESSIVE;
				CLANG_CXX_LANGUAGE_STANDARD = "gnu++14";
				CLANG_CXX_LIBRARY = "libc++";
				CLANG_ENABLE_MODULES = YES;
				CLANG_ENABLE_OBJC_ARC = YES;
				CLANG_ENABLE_OBJC_WEAK = YES;
				CLANG_WARN_BLOCK_CAPTURE_AUTORELEASING = YES;
				CLANG_WARN_BOOL_CONVERSION = YES;
				CLANG_WARN_COMMA = YES;
				CLANG_WARN_CONSTANT_CONVERSION = YES;
				CLANG_WARN_DEPRECATED_OBJC_IMPLEMENTATIONS = YES;
				CLANG_WARN_DIRECT_OBJC_ISA_USAGE = YES_ERROR;
				CLANG_WARN_DOCUMENTATION_COMMENTS = YES;
				CLANG_WARN_EMPTY_BODY = YES;
				CLANG_WARN_ENUM_CONVERSION = YES;
				CLANG_WARN_INFINITE_RECURSION = YES;
				CLANG_WARN_INT_CONVERSION = YES;
				CLANG_WARN_NON_LITERAL_NULL_CONVERSION = YES;
				CLANG_WARN_OBJC_IMPLICIT_RETAIN_SELF = YES;
				CLANG_WARN_OBJC_LITERAL_CONVERSION = YES;
				CLANG_WARN_OBJC_ROOT_CLASS = YES_ERROR;
				CLANG_WARN_RANGE_LOOP_ANALYSIS = YES;
				CLANG_WARN_STRICT_PROTOTYPES = YES;
				CLANG_WARN_SUSPICIOUS_MOVE = YES;
				CLANG_WARN_UNGUARDED_AVAILABILITY = YES_AGGRESSIVE;
				CLANG_WARN_UNREACHABLE_CODE = YES;
				CLANG_WARN__DUPLICATE_METHOD_MATCH = YES;
				COPY_PHASE_STRIP = NO;
				DEBUG_INFORMATION_FORMAT = dwarf;
				ENABLE_STRICT_OBJC_MSGSEND = YES;
				ENABLE_TESTABILITY = YES;
				GCC_C_LANGUAGE_STANDARD = gnu11;
				GCC_DYNAMIC_NO_PIC = NO;
				GCC_NO_COMMON_BLOCKS = YES;
				GCC_OPTIMIZATION_LEVEL = 0;
				GCC_PREPROCESSOR_DEFINITIONS = (
					"DEBUG=1",
					"$(inherited)",
				);
				GCC_WARN_64_TO_32_BIT_CONVERSION = YES;
				GCC_WARN_ABOUT_RETURN_TYPE = YES_ERROR;
				GCC_WARN_UNDECLARED_SELECTOR = YES;
				GCC_WARN_UNINITIALIZED_AUTOS = YES_AGGRESSIVE;
				GCC_WARN_UNUSED_FUNCTION = YES;
				GCC_WARN_UNUSED_VARIABLE = YES;
				IPHONEOS_DEPLOYMENT_TARGET = 13.2;
				MTL_ENABLE_DEBUG_INFO = INCLUDE_SOURCE;
				MTL_FAST_MATH = YES;
				ONLY_ACTIVE_ARCH = YES;
				SDKROOT = iphoneos;
				SWIFT_ACTIVE_COMPILATION_CONDITIONS = DEBUG;
				SWIFT_OPTIMIZATION_LEVEL = "-Onone";
			};
			name = Debug;
		};
		818DC63923DAE3F900A3F4BA /* Release */ = {
			isa = XCBuildConfiguration;
			buildSettings = {
				ALWAYS_SEARCH_USER_PATHS = NO;
				CLANG_ANALYZER_NONNULL = YES;
				CLANG_ANALYZER_NUMBER_OBJECT_CONVERSION = YES_AGGRESSIVE;
				CLANG_CXX_LANGUAGE_STANDARD = "gnu++14";
				CLANG_CXX_LIBRARY = "libc++";
				CLANG_ENABLE_MODULES = YES;
				CLANG_ENABLE_OBJC_ARC = YES;
				CLANG_ENABLE_OBJC_WEAK = YES;
				CLANG_WARN_BLOCK_CAPTURE_AUTORELEASING = YES;
				CLANG_WARN_BOOL_CONVERSION = YES;
				CLANG_WARN_COMMA = YES;
				CLANG_WARN_CONSTANT_CONVERSION = YES;
				CLANG_WARN_DEPRECATED_OBJC_IMPLEMENTATIONS = YES;
				CLANG_WARN_DIRECT_OBJC_ISA_USAGE = YES_ERROR;
				CLANG_WARN_DOCUMENTATION_COMMENTS = YES;
				CLANG_WARN_EMPTY_BODY = YES;
				CLANG_WARN_ENUM_CONVERSION = YES;
				CLANG_WARN_INFINITE_RECURSION = YES;
				CLANG_WARN_INT_CONVERSION = YES;
				CLANG_WARN_NON_LITERAL_NULL_CONVERSION = YES;
				CLANG_WARN_OBJC_IMPLICIT_RETAIN_SELF = YES;
				CLANG_WARN_OBJC_LITERAL_CONVERSION = YES;
				CLANG_WARN_OBJC_ROOT_CLASS = YES_ERROR;
				CLANG_WARN_RANGE_LOOP_ANALYSIS = YES;
				CLANG_WARN_STRICT_PROTOTYPES = YES;
				CLANG_WARN_SUSPICIOUS_MOVE = YES;
				CLANG_WARN_UNGUARDED_AVAILABILITY = YES_AGGRESSIVE;
				CLANG_WARN_UNREACHABLE_CODE = YES;
				CLANG_WARN__DUPLICATE_METHOD_MATCH = YES;
				COPY_PHASE_STRIP = NO;
				DEBUG_INFORMATION_FORMAT = "dwarf-with-dsym";
				ENABLE_NS_ASSERTIONS = NO;
				ENABLE_STRICT_OBJC_MSGSEND = YES;
				GCC_C_LANGUAGE_STANDARD = gnu11;
				GCC_NO_COMMON_BLOCKS = YES;
				GCC_WARN_64_TO_32_BIT_CONVERSION = YES;
				GCC_WARN_ABOUT_RETURN_TYPE = YES_ERROR;
				GCC_WARN_UNDECLARED_SELECTOR = YES;
				GCC_WARN_UNINITIALIZED_AUTOS = YES_AGGRESSIVE;
				GCC_WARN_UNUSED_FUNCTION = YES;
				GCC_WARN_UNUSED_VARIABLE = YES;
				IPHONEOS_DEPLOYMENT_TARGET = 13.2;
				MTL_ENABLE_DEBUG_INFO = NO;
				MTL_FAST_MATH = YES;
				SDKROOT = iphoneos;
				SWIFT_COMPILATION_MODE = wholemodule;
				SWIFT_OPTIMIZATION_LEVEL = "-O";
				VALIDATE_PRODUCT = YES;
			};
			name = Release;
		};
		818DC63B23DAE3F900A3F4BA /* Debug */ = {
			isa = XCBuildConfiguration;
			buildSettings = {
				ASSETCATALOG_COMPILER_APPICON_NAME = AppIcon;
				CODE_SIGN_STYLE = Automatic;
				DEVELOPMENT_ASSET_PATHS = "\"DemoSwiftUI/Preview Content\"";
				DEVELOPMENT_TEAM = 46AREL7JD5;
				ENABLE_PREVIEWS = YES;
				INFOPLIST_FILE = DemoSwiftUI/Info.plist;
				LD_RUNPATH_SEARCH_PATHS = (
					"$(inherited)",
					"@executable_path/Frameworks",
				);
				PRODUCT_BUNDLE_IDENTIFIER = com.trantor.DemoSwiftUI;
				PRODUCT_NAME = "$(TARGET_NAME)";
				SWIFT_VERSION = 5.0;
				TARGETED_DEVICE_FAMILY = "1,2";
			};
			name = Debug;
		};
		818DC63C23DAE3F900A3F4BA /* Release */ = {
			isa = XCBuildConfiguration;
			buildSettings = {
				ASSETCATALOG_COMPILER_APPICON_NAME = AppIcon;
				CODE_SIGN_STYLE = Automatic;
				DEVELOPMENT_ASSET_PATHS = "\"DemoSwiftUI/Preview Content\"";
				DEVELOPMENT_TEAM = 46AREL7JD5;
				ENABLE_PREVIEWS = YES;
				INFOPLIST_FILE = DemoSwiftUI/Info.plist;
				LD_RUNPATH_SEARCH_PATHS = (
					"$(inherited)",
					"@executable_path/Frameworks",
				);
				PRODUCT_BUNDLE_IDENTIFIER = com.trantor.DemoSwiftUI;
				PRODUCT_NAME = "$(TARGET_NAME)";
				SWIFT_VERSION = 5.0;
				TARGETED_DEVICE_FAMILY = "1,2";
			};
			name = Release;
		};
		818DC63E23DAE3F900A3F4BA /* Debug */ = {
			isa = XCBuildConfiguration;
			buildSettings = {
				ALWAYS_EMBED_SWIFT_STANDARD_LIBRARIES = YES;
				BUNDLE_LOADER = "$(TEST_HOST)";
				CODE_SIGN_STYLE = Automatic;
				DEVELOPMENT_TEAM = 46AREL7JD5;
				INFOPLIST_FILE = DemoSwiftUITests/Info.plist;
				IPHONEOS_DEPLOYMENT_TARGET = 13.2;
				LD_RUNPATH_SEARCH_PATHS = (
					"$(inherited)",
					"@executable_path/Frameworks",
					"@loader_path/Frameworks",
				);
				PRODUCT_BUNDLE_IDENTIFIER = com.trantor.DemoSwiftUITests;
				PRODUCT_NAME = "$(TARGET_NAME)";
				SWIFT_VERSION = 5.0;
				TARGETED_DEVICE_FAMILY = "1,2";
				TEST_HOST = "$(BUILT_PRODUCTS_DIR)/DemoSwiftUI.app/DemoSwiftUI";
			};
			name = Debug;
		};
		818DC63F23DAE3F900A3F4BA /* Release */ = {
			isa = XCBuildConfiguration;
			buildSettings = {
				ALWAYS_EMBED_SWIFT_STANDARD_LIBRARIES = YES;
				BUNDLE_LOADER = "$(TEST_HOST)";
				CODE_SIGN_STYLE = Automatic;
				DEVELOPMENT_TEAM = 46AREL7JD5;
				INFOPLIST_FILE = DemoSwiftUITests/Info.plist;
				IPHONEOS_DEPLOYMENT_TARGET = 13.2;
				LD_RUNPATH_SEARCH_PATHS = (
					"$(inherited)",
					"@executable_path/Frameworks",
					"@loader_path/Frameworks",
				);
				PRODUCT_BUNDLE_IDENTIFIER = com.trantor.DemoSwiftUITests;
				PRODUCT_NAME = "$(TARGET_NAME)";
				SWIFT_VERSION = 5.0;
				TARGETED_DEVICE_FAMILY = "1,2";
				TEST_HOST = "$(BUILT_PRODUCTS_DIR)/DemoSwiftUI.app/DemoSwiftUI";
			};
			name = Release;
		};
		818DC64123DAE3F900A3F4BA /* Debug */ = {
			isa = XCBuildConfiguration;
			buildSettings = {
				ALWAYS_EMBED_SWIFT_STANDARD_LIBRARIES = YES;
				CODE_SIGN_STYLE = Automatic;
				DEVELOPMENT_TEAM = 46AREL7JD5;
				INFOPLIST_FILE = DemoSwiftUIUITests/Info.plist;
				LD_RUNPATH_SEARCH_PATHS = (
					"$(inherited)",
					"@executable_path/Frameworks",
					"@loader_path/Frameworks",
				);
				PRODUCT_BUNDLE_IDENTIFIER = com.trantor.DemoSwiftUIUITests;
				PRODUCT_NAME = "$(TARGET_NAME)";
				SWIFT_VERSION = 5.0;
				TARGETED_DEVICE_FAMILY = "1,2";
				TEST_TARGET_NAME = DemoSwiftUI;
			};
			name = Debug;
		};
		818DC64223DAE3F900A3F4BA /* Release */ = {
			isa = XCBuildConfiguration;
			buildSettings = {
				ALWAYS_EMBED_SWIFT_STANDARD_LIBRARIES = YES;
				CODE_SIGN_STYLE = Automatic;
				DEVELOPMENT_TEAM = 46AREL7JD5;
				INFOPLIST_FILE = DemoSwiftUIUITests/Info.plist;
				LD_RUNPATH_SEARCH_PATHS = (
					"$(inherited)",
					"@executable_path/Frameworks",
					"@loader_path/Frameworks",
				);
				PRODUCT_BUNDLE_IDENTIFIER = com.trantor.DemoSwiftUIUITests;
				PRODUCT_NAME = "$(TARGET_NAME)";
				SWIFT_VERSION = 5.0;
				TARGETED_DEVICE_FAMILY = "1,2";
				TEST_TARGET_NAME = DemoSwiftUI;
			};
			name = Release;
		};
/* End XCBuildConfiguration section */

/* Begin XCConfigurationList section */
		818DC60B23DAE3F700A3F4BA /* Build configuration list for PBXProject "DemoSwiftUI" */ = {
			isa = XCConfigurationList;
			buildConfigurations = (
				818DC63823DAE3F900A3F4BA /* Debug */,
				818DC63923DAE3F900A3F4BA /* Release */,
			);
			defaultConfigurationIsVisible = 0;
			defaultConfigurationName = Release;
		};
		818DC63A23DAE3F900A3F4BA /* Build configuration list for PBXNativeTarget "DemoSwiftUI" */ = {
			isa = XCConfigurationList;
			buildConfigurations = (
				818DC63B23DAE3F900A3F4BA /* Debug */,
				818DC63C23DAE3F900A3F4BA /* Release */,
			);
			defaultConfigurationIsVisible = 0;
			defaultConfigurationName = Release;
		};
		818DC63D23DAE3F900A3F4BA /* Build configuration list for PBXNativeTarget "DemoSwiftUITests" */ = {
			isa = XCConfigurationList;
			buildConfigurations = (
				818DC63E23DAE3F900A3F4BA /* Debug */,
				818DC63F23DAE3F900A3F4BA /* Release */,
			);
			defaultConfigurationIsVisible = 0;
			defaultConfigurationName = Release;
		};
		818DC64023DAE3F900A3F4BA /* Build configuration list for PBXNativeTarget "DemoSwiftUIUITests" */ = {
			isa = XCConfigurationList;
			buildConfigurations = (
				818DC64123DAE3F900A3F4BA /* Debug */,
				818DC64223DAE3F900A3F4BA /* Release */,
			);
			defaultConfigurationIsVisible = 0;
			defaultConfigurationName = Release;
		};
/* End XCConfigurationList section */
	};
	rootObject = 818DC60823DAE3F700A3F4BA /* Project object */;
}
